
Microsoft Visual Studio Solution File, Format Version 12.00
# Visual Studio Version 16
VisualStudioVersion = 16.0.32413.511
MinimumVisualStudioVersion = 10.0.40219.1
Project("{FAE04EC0-301F-11D3-BF4B-00C04F79EFBC}") = "PROJETO SISTEMA DE VENDAS (MARMORARIA BELLAS PEDRAS)", "PROJETO SISTEMA DE VENDAS (MARMORARIA BELLAS PEDRAS)\PROJETO SISTEMA DE VENDAS (MARMORARIA BELLAS PEDRAS).csproj", "{1AED83AC-6584-477A-A042-E19BA5325F88}"
EndProject
Global
	GlobalSection(SolutionConfigurationPlatforms) = preSolution
		Debug|Any CPU = Debug|Any CPU
		Release|Any CPU = Release|Any CPU
	EndGlobalSection
	GlobalSection(ProjectConfigurationPlatforms) = postSolution
		{1AED83AC-6584-477A-A042-E19BA5325F88}.Debug|Any CPU.ActiveCfg = Debug|Any CPU
		{1AED83AC-6584-477A-A042-E19BA5325F88}.Debug|Any CPU.Build.0 = Debug|Any CPU
		{1AED83AC-6584-477A-A042-E19BA5325F88}.Release|Any CPU.ActiveCfg = Release|Any CPU
		{1AED83AC-6584-477A-A042-E19BA5325F88}.Release|Any CPU.Build.0 = Release|Any CPU
	EndGlobalSection
	GlobalSection(SolutionProperties) = preSolution
		HideSolutionNode = FALSE
	EndGlobalSection
	GlobalSection(ExtensibilityGlobals) = postSolution
		SolutionGuid = {F3FCFF76-7BF1-4C0D-84F5-882DD8A85FDB}
	EndGlobalSection
EndGlobal
